
Microsoft Visual Studio Solution File, Format Version 12.00
# Visual Studio Version 17
VisualStudioVersion = 17.10.35013.160
MinimumVisualStudioVersion = 10.0.40219.1
Project("{9A19103F-16F7-4668-BE54-9A1E7A4F7556}") = "WeatherForecastApi", "WeatherForecastApi\WeatherForecastApi.csproj", "{17F851D9-6ACD-4781-A580-9FC5FA010721}"
EndProject
Project("{2150E333-8FDC-42A3-9474-1A3956D46DE8}") = "M001-Grundlagen", "M001-Grundlagen", "{501244AF-15BF-4B3C-B157-77C72561CD90}"
EndProject
Project("{2150E333-8FDC-42A3-9474-1A3956D46DE8}") = "M002-IoC", "M002-IoC", "{4C6444D1-A970-40DA-A97F-36FA4788B7CA}"
EndProject
Project("{9A19103F-16F7-4668-BE54-9A1E7A4F7556}") = "IOCContainerSample", "IOCContainerSample\IOCContainerSample.csproj", "{0CE14430-6ECB-4D88-851B-881137CF2229}"
EndProject
Project("{2150E333-8FDC-42A3-9474-1A3956D46DE8}") = "M003-Controllers", "M003-Controllers", "{133138E1-6C62-499F-95C3-7518DAD92737}"
EndProject
Project("{9A19103F-16F7-4668-BE54-9A1E7A4F7556}") = "VehicleFleetApi", "VehicleFleetApi\VehicleFleetApi.csproj", "{AE247BDE-5CCB-4961-8BD2-8CFF773D4D0F}"
EndProject
Project("{9A19103F-16F7-4668-BE54-9A1E7A4F7556}") = "BusinessLogic", "BusinessLogic\BusinessLogic.csproj", "{A331DD50-1186-4E1F-B889-EFF903060614}"
EndProject
Project("{2150E333-8FDC-42A3-9474-1A3956D46DE8}") = "Shared", "Shared", "{7F6F9D96-DDC7-4877-8985-26D829CFB937}"
EndProject
Project("{2150E333-8FDC-42A3-9474-1A3956D46DE8}") = "M004-Routing", "M004-Routing", "{5CD71F07-6801-42BE-A054-81C20D8941DC}"
EndProject
Project("{9A19103F-16F7-4668-BE54-9A1E7A4F7556}") = "VehicleFleetV2Api", "VehicleFleetV2Api\VehicleFleetV2Api.csproj", "{D51BC4C8-8F04-4008-8BDB-A219AF57F107}"
EndProject
Project("{9A19103F-16F7-4668-BE54-9A1E7A4F7556}") = "MovieStoreApi", "MovieStoreApi\MovieStoreApi.csproj", "{EDD29213-2CF4-46BB-B4B0-2B8BB0A493AB}"
EndProject
Project("{2150E333-8FDC-42A3-9474-1A3956D46DE8}") = "M005-EFCore", "M005-EFCore", "{8A90D5D5-F746-4BD4-AEE5-4D2E3FF8D8C9}"
EndProject
Project("{9A19103F-16F7-4668-BE54-9A1E7A4F7556}") = "VehicleDbApi", "VehicleDbApi\VehicleDbApi.csproj", "{37FB982B-C7F6-4A01-AC49-5DD3F961737E}"
EndProject
Project("{FAE04EC0-301F-11D3-BF4B-00C04F79EFBC}") = "NorthwindApi", "NorthwindApi\NorthwindApi.csproj", "{F6B67901-323E-4931-889E-0B1F426308B0}"
EndProject
Project("{FAE04EC0-301F-11D3-BF4B-00C04F79EFBC}") = "NorthwindAccess", "NorthwindAccess\NorthwindAccess.csproj", "{4B76B339-B614-4BF7-9867-275E3A270145}"
EndProject
Global
	GlobalSection(SolutionConfigurationPlatforms) = preSolution
		Debug|Any CPU = Debug|Any CPU
		Release|Any CPU = Release|Any CPU
	EndGlobalSection
	GlobalSection(ProjectConfigurationPlatforms) = postSolution
		{17F851D9-6ACD-4781-A580-9FC5FA010721}.Debug|Any CPU.ActiveCfg = Debug|Any CPU
		{17F851D9-6ACD-4781-A580-9FC5FA010721}.Debug|Any CPU.Build.0 = Debug|Any CPU
		{17F851D9-6ACD-4781-A580-9FC5FA010721}.Release|Any CPU.ActiveCfg = Release|Any CPU
		{17F851D9-6ACD-4781-A580-9FC5FA010721}.Release|Any CPU.Build.0 = Release|Any CPU
		{0CE14430-6ECB-4D88-851B-881137CF2229}.Debug|Any CPU.ActiveCfg = Debug|Any CPU
		{0CE14430-6ECB-4D88-851B-881137CF2229}.Debug|Any CPU.Build.0 = Debug|Any CPU
		{0CE14430-6ECB-4D88-851B-881137CF2229}.Release|Any CPU.ActiveCfg = Release|Any CPU
		{0CE14430-6ECB-4D88-851B-881137CF2229}.Release|Any CPU.Build.0 = Release|Any CPU
		{AE247BDE-5CCB-4961-8BD2-8CFF773D4D0F}.Debug|Any CPU.ActiveCfg = Debug|Any CPU
		{AE247BDE-5CCB-4961-8BD2-8CFF773D4D0F}.Debug|Any CPU.Build.0 = Debug|Any CPU
		{AE247BDE-5CCB-4961-8BD2-8CFF773D4D0F}.Release|Any CPU.ActiveCfg = Release|Any CPU
		{AE247BDE-5CCB-4961-8BD2-8CFF773D4D0F}.Release|Any CPU.Build.0 = Release|Any CPU
		{A331DD50-1186-4E1F-B889-EFF903060614}.Debug|Any CPU.ActiveCfg = Debug|Any CPU
		{A331DD50-1186-4E1F-B889-EFF903060614}.Debug|Any CPU.Build.0 = Debug|Any CPU
		{A331DD50-1186-4E1F-B889-EFF903060614}.Release|Any CPU.ActiveCfg = Release|Any CPU
		{A331DD50-1186-4E1F-B889-EFF903060614}.Release|Any CPU.Build.0 = Release|Any CPU
		{D51BC4C8-8F04-4008-8BDB-A219AF57F107}.Debug|Any CPU.ActiveCfg = Debug|Any CPU
		{D51BC4C8-8F04-4008-8BDB-A219AF57F107}.Debug|Any CPU.Build.0 = Debug|Any CPU
		{D51BC4C8-8F04-4008-8BDB-A219AF57F107}.Release|Any CPU.ActiveCfg = Release|Any CPU
		{D51BC4C8-8F04-4008-8BDB-A219AF57F107}.Release|Any CPU.Build.0 = Release|Any CPU
		{EDD29213-2CF4-46BB-B4B0-2B8BB0A493AB}.Debug|Any CPU.ActiveCfg = Debug|Any CPU
		{EDD29213-2CF4-46BB-B4B0-2B8BB0A493AB}.Debug|Any CPU.Build.0 = Debug|Any CPU
		{EDD29213-2CF4-46BB-B4B0-2B8BB0A493AB}.Release|Any CPU.ActiveCfg = Release|Any CPU
		{EDD29213-2CF4-46BB-B4B0-2B8BB0A493AB}.Release|Any CPU.Build.0 = Release|Any CPU
		{37FB982B-C7F6-4A01-AC49-5DD3F961737E}.Debug|Any CPU.ActiveCfg = Debug|Any CPU
		{37FB982B-C7F6-4A01-AC49-5DD3F961737E}.Debug|Any CPU.Build.0 = Debug|Any CPU
		{37FB982B-C7F6-4A01-AC49-5DD3F961737E}.Release|Any CPU.ActiveCfg = Release|Any CPU
		{37FB982B-C7F6-4A01-AC49-5DD3F961737E}.Release|Any CPU.Build.0 = Release|Any CPU
		{F6B67901-323E-4931-889E-0B1F426308B0}.Debug|Any CPU.ActiveCfg = Debug|Any CPU
		{F6B67901-323E-4931-889E-0B1F426308B0}.Debug|Any CPU.Build.0 = Debug|Any CPU
		{F6B67901-323E-4931-889E-0B1F426308B0}.Release|Any CPU.ActiveCfg = Release|Any CPU
		{F6B67901-323E-4931-889E-0B1F426308B0}.Release|Any CPU.Build.0 = Release|Any CPU
		{4B76B339-B614-4BF7-9867-275E3A270145}.Debug|Any CPU.ActiveCfg = Debug|Any CPU
		{4B76B339-B614-4BF7-9867-275E3A270145}.Debug|Any CPU.Build.0 = Debug|Any CPU
		{4B76B339-B614-4BF7-9867-275E3A270145}.Release|Any CPU.ActiveCfg = Release|Any CPU
		{4B76B339-B614-4BF7-9867-275E3A270145}.Release|Any CPU.Build.0 = Release|Any CPU
	EndGlobalSection
	GlobalSection(SolutionProperties) = preSolution
		HideSolutionNode = FALSE
	EndGlobalSection
	GlobalSection(NestedProjects) = preSolution
		{17F851D9-6ACD-4781-A580-9FC5FA010721} = {501244AF-15BF-4B3C-B157-77C72561CD90}
		{0CE14430-6ECB-4D88-851B-881137CF2229} = {4C6444D1-A970-40DA-A97F-36FA4788B7CA}
		{AE247BDE-5CCB-4961-8BD2-8CFF773D4D0F} = {133138E1-6C62-499F-95C3-7518DAD92737}
		{A331DD50-1186-4E1F-B889-EFF903060614} = {7F6F9D96-DDC7-4877-8985-26D829CFB937}
		{D51BC4C8-8F04-4008-8BDB-A219AF57F107} = {5CD71F07-6801-42BE-A054-81C20D8941DC}
		{EDD29213-2CF4-46BB-B4B0-2B8BB0A493AB} = {5CD71F07-6801-42BE-A054-81C20D8941DC}
		{37FB982B-C7F6-4A01-AC49-5DD3F961737E} = {8A90D5D5-F746-4BD4-AEE5-4D2E3FF8D8C9}
		{F6B67901-323E-4931-889E-0B1F426308B0} = {8A90D5D5-F746-4BD4-AEE5-4D2E3FF8D8C9}
		{4B76B339-B614-4BF7-9867-275E3A270145} = {7F6F9D96-DDC7-4877-8985-26D829CFB937}
	EndGlobalSection
	GlobalSection(ExtensibilityGlobals) = postSolution
		SolutionGuid = {3D2B1C5C-7B67-4496-9826-CA0F703BC8E1}
	EndGlobalSection
EndGlobal
